version = 1
revision = 3
requires-python = ">=3.14"

[manifest]

[manifest.dependency-groups]
dev = [{ name = "types-openpyxl", specifier = ">=3.1.5.20260518" }]

[[package]]
name = "types-openpyxl"
version = "3.1.5.20260518"
source = { registry = "https://pypi.org/simple" }
sdist = { url = "https://files.pythonhosted.org/packages/f5/d1/a1e23040a758746ad5bb6b8849a011c3c901775618bc7e1fec3a1a8b7142/types_openpyxl-3.1.5.20260518.tar.gz", hash = "sha256:da9cd644e4e80215a3f60a8c2c2c8e980e941a9b581cffa3876285aa791ca5af", size = 101550, upload-time = "2026-05-18T06:03:57.59Z" }
wheels = [
    { url = "https://files.pythonhosted.org/packages/96/0e/d745ce95fc74e34df802010fd0387e33db468179e6ff42b708280ab268c7/types_openpyxl-3.1.5.20260518-py3-none-any.whl", hash = "sha256:e6ca4b116c8b979ed57f3045edcd3d49c25917d6dae99e90358f41322a19d375", size = 165744, upload-time = "2026-05-18T06:03:56.036Z" },
]
